// !$*UTF8*$!
{
	archiveVersion = 1;
	classes = {
	};
	objectVersion = 56;
	objects = {

/* Begin PBXBuildFile section */
		EC1658292A56926A008CEF62 /* Assets.xcassets in Resources */ = {isa = PBXBuildFile; fileRef = EC1658282A56926A008CEF62 /* Assets.xcassets */; };
		EC16582C2A56926A008CEF62 /* Preview Assets.xcassets in Resources */ = {isa = PBXBuildFile; fileRef = EC16582B2A56926A008CEF62 /* Preview Assets.xcassets */; };
		EC16583D2A5693C8008CEF62 /* Domain.docc in Sources */ = {isa = PBXBuildFile; fileRef = EC16583C2A5693C8008CEF62 /* Domain.docc */; };
		EC1658432A5693C9008CEF62 /* Domain.framework in Frameworks */ = {isa = PBXBuildFile; fileRef = EC1658392A5693C8008CEF62 /* Domain.framework */; };
		EC16584A2A5693C9008CEF62 /* DomainTests.swift in Sources */ = {isa = PBXBuildFile; fileRef = EC1658492A5693C9008CEF62 /* DomainTests.swift */; };
		EC16584B2A5693C9008CEF62 /* Domain.h in Headers */ = {isa = PBXBuildFile; fileRef = EC16583B2A5693C8008CEF62 /* Domain.h */; settings = {ATTRIBUTES = (Public, ); }; };
		EC16584E2A5693C9008CEF62 /* Domain.framework in Frameworks */ = {isa = PBXBuildFile; fileRef = EC1658392A5693C8008CEF62 /* Domain.framework */; };
		EC16584F2A5693C9008CEF62 /* Domain.framework in Embed Frameworks */ = {isa = PBXBuildFile; fileRef = EC1658392A5693C8008CEF62 /* Domain.framework */; settings = {ATTRIBUTES = (CodeSignOnCopy, RemoveHeadersOnCopy, ); }; };
		EC1658602A5693D5008CEF62 /* Platform.docc in Sources */ = {isa = PBXBuildFile; fileRef = EC16585F2A5693D5008CEF62 /* Platform.docc */; };
		EC1658662A5693D5008CEF62 /* Platform.framework in Frameworks */ = {isa = PBXBuildFile; fileRef = EC16585C2A5693D4008CEF62 /* Platform.framework */; };
		EC16586D2A5693D5008CEF62 /* PlatformTests.swift in Sources */ = {isa = PBXBuildFile; fileRef = EC16586C2A5693D5008CEF62 /* PlatformTests.swift */; };
		EC16586E2A5693D5008CEF62 /* Platform.h in Headers */ = {isa = PBXBuildFile; fileRef = EC16585E2A5693D5008CEF62 /* Platform.h */; settings = {ATTRIBUTES = (Public, ); }; };
		EC1658712A5693D5008CEF62 /* Platform.framework in Frameworks */ = {isa = PBXBuildFile; fileRef = EC16585C2A5693D4008CEF62 /* Platform.framework */; };
		EC1658722A5693D5008CEF62 /* Platform.framework in Embed Frameworks */ = {isa = PBXBuildFile; fileRef = EC16585C2A5693D4008CEF62 /* Platform.framework */; settings = {ATTRIBUTES = (CodeSignOnCopy, RemoveHeadersOnCopy, ); }; };
		EC16587F2A56941F008CEF62 /* AppMain.swift in Sources */ = {isa = PBXBuildFile; fileRef = EC16587E2A56941F008CEF62 /* AppMain.swift */; };
		EC1658812A569427008CEF62 /* AppDelegate.swift in Sources */ = {isa = PBXBuildFile; fileRef = EC1658802A569427008CEF62 /* AppDelegate.swift */; };
		EC1658832A569434008CEF62 /* DIContainer.swift in Sources */ = {isa = PBXBuildFile; fileRef = EC1658822A569434008CEF62 /* DIContainer.swift */; };
		EC1658852A569489008CEF62 /* Domain.framework in Frameworks */ = {isa = PBXBuildFile; fileRef = EC1658392A5693C8008CEF62 /* Domain.framework */; };
		EC1658862A569489008CEF62 /* Domain.framework in Embed Frameworks */ = {isa = PBXBuildFile; fileRef = EC1658392A5693C8008CEF62 /* Domain.framework */; settings = {ATTRIBUTES = (CodeSignOnCopy, RemoveHeadersOnCopy, ); }; };
		EC1658922A56953B008CEF62 /* AppNowPlayingPage.swift in Sources */ = {isa = PBXBuildFile; fileRef = EC1658912A56953B008CEF62 /* AppNowPlayingPage.swift */; };
		EC1658942A569952008CEF62 /* HomePage.swift in Sources */ = {isa = PBXBuildFile; fileRef = EC1658932A569952008CEF62 /* HomePage.swift */; };
		EC1658962A569B12008CEF62 /* AppDiscoverPage.swift in Sources */ = {isa = PBXBuildFile; fileRef = EC1658952A569B12008CEF62 /* AppDiscoverPage.swift */; };
		EC16589A2A569B41008CEF62 /* AppMyListPage.swift in Sources */ = {isa = PBXBuildFile; fileRef = EC1658992A569B41008CEF62 /* AppMyListPage.swift */; };
		EC1974F12A592B2500371CC6 /* ReviewsPage.swift in Sources */ = {isa = PBXBuildFile; fileRef = EC1974F02A592B2500371CC6 /* ReviewsPage.swift */; };
		EC34BC402A5968DC0099572E /* AppUpComingDetailPage.swift in Sources */ = {isa = PBXBuildFile; fileRef = EC34BC3F2A5968DC0099572E /* AppUpComingDetailPage.swift */; };
		EC34BC442A5979F90099572E /* AppTrendingDetailPage.swift in Sources */ = {isa = PBXBuildFile; fileRef = EC34BC432A5979F90099572E /* AppTrendingDetailPage.swift */; };
		EC34BC482A597BE70099572E /* AppTopRatePage.swift in Sources */ = {isa = PBXBuildFile; fileRef = EC34BC472A597BE70099572E /* AppTopRatePage.swift */; };
		EC34BC4B2A597C490099572E /* AppPopularDetailPage.swift in Sources */ = {isa = PBXBuildFile; fileRef = EC34BC4A2A597C490099572E /* AppPopularDetailPage.swift */; };
		EC34BC4F2A597DAD0099572E /* AppTopRateDetailPage.swift in Sources */ = {isa = PBXBuildFile; fileRef = EC34BC4E2A597DAD0099572E /* AppTopRateDetailPage.swift */; };
		EC34BC522A597F210099572E /* AppGenresDetailPage.swift in Sources */ = {isa = PBXBuildFile; fileRef = EC34BC512A597F210099572E /* AppGenresDetailPage.swift */; };
		EC34BC552A5984610099572E /* AppGenresListPage.swift in Sources */ = {isa = PBXBuildFile; fileRef = EC34BC542A5984610099572E /* AppGenresListPage.swift */; };
		EC34BC582A59AB210099572E /* AppFanClubPage.swift in Sources */ = {isa = PBXBuildFile; fileRef = EC34BC572A59AB210099572E /* AppFanClubPage.swift */; };
		EC34BC5B2A59AB3A0099572E /* AppFanClubDetailPage.swift in Sources */ = {isa = PBXBuildFile; fileRef = EC34BC5A2A59AB3A0099572E /* AppFanClubDetailPage.swift */; };
		EC34BC5D2A59B5070099572E /* Test.swift in Sources */ = {isa = PBXBuildFile; fileRef = EC34BC5C2A59B5070099572E /* Test.swift */; };
		EC5ADAEA2A5955F100FBC43B /* CastPage.swift in Sources */ = {isa = PBXBuildFile; fileRef = EC5ADAE92A5955F100FBC43B /* CastPage.swift */; };
		EC5ADAEE2A59590C00FBC43B /* ReviewsDetailPage.swift in Sources */ = {isa = PBXBuildFile; fileRef = EC5ADAED2A59590C00FBC43B /* ReviewsDetailPage.swift */; };
		EC5ADAF12A595A6600FBC43B /* CastDetailPage.swift in Sources */ = {isa = PBXBuildFile; fileRef = EC5ADAF02A595A6600FBC43B /* CastDetailPage.swift */; };
		EC9CD9A42A57CC67007F46F1 /* AppMoviePage.swift in Sources */ = {isa = PBXBuildFile; fileRef = EC9CD9A32A57CC67007F46F1 /* AppMoviePage.swift */; };
		EC9CD9A62A57CEB7007F46F1 /* AppUpComingPage.swift in Sources */ = {isa = PBXBuildFile; fileRef = EC9CD9A52A57CEB7007F46F1 /* AppUpComingPage.swift */; };
		EC9CD9A82A57CEC4007F46F1 /* AppPopularPage.swift in Sources */ = {isa = PBXBuildFile; fileRef = EC9CD9A72A57CEC4007F46F1 /* AppPopularPage.swift */; };
		EC9CD9AC2A57CEE6007F46F1 /* AppGenresPage.swift in Sources */ = {isa = PBXBuildFile; fileRef = EC9CD9AB2A57CEE6007F46F1 /* AppGenresPage.swift */; };
		EC9CD9AE2A57CFE1007F46F1 /* AppTrendingPage.swift in Sources */ = {isa = PBXBuildFile; fileRef = EC9CD9AD2A57CFE1007F46F1 /* AppTrendingPage.swift */; };
		EC9CD9B12A57D500007F46F1 /* AppNowPlayingDetailPage.swift in Sources */ = {isa = PBXBuildFile; fileRef = EC9CD9B02A57D500007F46F1 /* AppNowPlayingDetailPage.swift */; };
/* End PBXBuildFile section */

/* Begin PBXContainerItemProxy section */
		EC1658442A5693C9008CEF62 /* PBXContainerItemProxy */ = {
			isa = PBXContainerItemProxy;
			containerPortal = EC1658192A569268008CEF62 /* Project object */;
			proxyType = 1;
			remoteGlobalIDString = EC1658382A5693C8008CEF62;
			remoteInfo = Domain;
		};
		EC1658462A5693C9008CEF62 /* PBXContainerItemProxy */ = {
			isa = PBXContainerItemProxy;
			containerPortal = EC1658192A569268008CEF62 /* Project object */;
			proxyType = 1;
			remoteGlobalIDString = EC1658202A569268008CEF62;
			remoteInfo = MovieSwiftUI;
		};
		EC16584C2A5693C9008CEF62 /* PBXContainerItemProxy */ = {
			isa = PBXContainerItemProxy;
			containerPortal = EC1658192A569268008CEF62 /* Project object */;
			proxyType = 1;
			remoteGlobalIDString = EC1658382A5693C8008CEF62;
			remoteInfo = Domain;
		};
		EC1658672A5693D5008CEF62 /* PBXContainerItemProxy */ = {
			isa = PBXContainerItemProxy;
			containerPortal = EC1658192A569268008CEF62 /* Project object */;
			proxyType = 1;
			remoteGlobalIDString = EC16585B2A5693D4008CEF62;
			remoteInfo = Platform;
		};
		EC1658692A5693D5008CEF62 /* PBXContainerItemProxy */ = {
			isa = PBXContainerItemProxy;
			containerPortal = EC1658192A569268008CEF62 /* Project object */;
			proxyType = 1;
			remoteGlobalIDString = EC1658202A569268008CEF62;
			remoteInfo = MovieSwiftUI;
		};
		EC16586F2A5693D5008CEF62 /* PBXContainerItemProxy */ = {
			isa = PBXContainerItemProxy;
			containerPortal = EC1658192A569268008CEF62 /* Project object */;
			proxyType = 1;
			remoteGlobalIDString = EC16585B2A5693D4008CEF62;
			remoteInfo = Platform;
		};
		EC1658872A569489008CEF62 /* PBXContainerItemProxy */ = {
			isa = PBXContainerItemProxy;
			containerPortal = EC1658192A569268008CEF62 /* Project object */;
			proxyType = 1;
			remoteGlobalIDString = EC1658382A5693C8008CEF62;
			remoteInfo = Domain;
		};
/* End PBXContainerItemProxy section */

/* Begin PBXCopyFilesBuildPhase section */
		EC1658532A5693C9008CEF62 /* Embed Frameworks */ = {
			isa = PBXCopyFilesBuildPhase;
			buildActionMask = 2147483647;
			dstPath = "";
			dstSubfolderSpec = 10;
			files = (
				EC16584F2A5693C9008CEF62 /* Domain.framework in Embed Frameworks */,
				EC1658722A5693D5008CEF62 /* Platform.framework in Embed Frameworks */,
			);
			name = "Embed Frameworks";
			runOnlyForDeploymentPostprocessing = 0;
		};
		EC1658892A569489008CEF62 /* Embed Frameworks */ = {
			isa = PBXCopyFilesBuildPhase;
			buildActionMask = 2147483647;
			dstPath = "";
			dstSubfolderSpec = 10;
			files = (
				EC1658862A569489008CEF62 /* Domain.framework in Embed Frameworks */,
			);
			name = "Embed Frameworks";
			runOnlyForDeploymentPostprocessing = 0;
		};
/* End PBXCopyFilesBuildPhase section */

/* Begin PBXFileReference section */
		EC1658212A569268008CEF62 /* MovieSwiftUI.app */ = {isa = PBXFileReference; explicitFileType = wrapper.application; includeInIndex = 0; path = MovieSwiftUI.app; sourceTree = BUILT_PRODUCTS_DIR; };
		EC1658282A56926A008CEF62 /* Assets.xcassets */ = {isa = PBXFileReference; lastKnownFileType = folder.assetcatalog; path = Assets.xcassets; sourceTree = "<group>"; };
		EC16582B2A56926A008CEF62 /* Preview Assets.xcassets */ = {isa = PBXFileReference; lastKnownFileType = folder.assetcatalog; path = "Preview Assets.xcassets"; sourceTree = "<group>"; };
		EC1658392A5693C8008CEF62 /* Domain.framework */ = {isa = PBXFileReference; explicitFileType = wrapper.framework; includeInIndex = 0; path = Domain.framework; sourceTree = BUILT_PRODUCTS_DIR; };
		EC16583B2A5693C8008CEF62 /* Domain.h */ = {isa = PBXFileReference; lastKnownFileType = sourcecode.c.h; path = Domain.h; sourceTree = "<group>"; };
		EC16583C2A5693C8008CEF62 /* Domain.docc */ = {isa = PBXFileReference; lastKnownFileType = folder.documentationcatalog; path = Domain.docc; sourceTree = "<group>"; };
		EC1658422A5693C9008CEF62 /* DomainTests.xctest */ = {isa = PBXFileReference; explicitFileType = wrapper.cfbundle; includeInIndex = 0; path = DomainTests.xctest; sourceTree = BUILT_PRODUCTS_DIR; };
		EC1658492A5693C9008CEF62 /* DomainTests.swift */ = {isa = PBXFileReference; lastKnownFileType = sourcecode.swift; path = DomainTests.swift; sourceTree = "<group>"; };
		EC16585C2A5693D4008CEF62 /* Platform.framework */ = {isa = PBXFileReference; explicitFileType = wrapper.framework; includeInIndex = 0; path = Platform.framework; sourceTree = BUILT_PRODUCTS_DIR; };
		EC16585E2A5693D5008CEF62 /* Platform.h */ = {isa = PBXFileReference; lastKnownFileType = sourcecode.c.h; path = Platform.h; sourceTree = "<group>"; };
		EC16585F2A5693D5008CEF62 /* Platform.docc */ = {isa = PBXFileReference; lastKnownFileType = folder.documentationcatalog; path = Platform.docc; sourceTree = "<group>"; };
		EC1658652A5693D5008CEF62 /* PlatformTests.xctest */ = {isa = PBXFileReference; explicitFileType = wrapper.cfbundle; includeInIndex = 0; path = PlatformTests.xctest; sourceTree = BUILT_PRODUCTS_DIR; };
		EC16586C2A5693D5008CEF62 /* PlatformTests.swift */ = {isa = PBXFileReference; lastKnownFileType = sourcecode.swift; path = PlatformTests.swift; sourceTree = "<group>"; };
		EC16587E2A56941F008CEF62 /* AppMain.swift */ = {isa = PBXFileReference; lastKnownFileType = sourcecode.swift; path = AppMain.swift; sourceTree = "<group>"; };
		EC1658802A569427008CEF62 /* AppDelegate.swift */ = {isa = PBXFileReference; lastKnownFileType = sourcecode.swift; path = AppDelegate.swift; sourceTree = "<group>"; };
		EC1658822A569434008CEF62 /* DIContainer.swift */ = {isa = PBXFileReference; lastKnownFileType = sourcecode.swift; path = DIContainer.swift; sourceTree = "<group>"; };
		EC1658912A56953B008CEF62 /* AppNowPlayingPage.swift */ = {isa = PBXFileReference; lastKnownFileType = sourcecode.swift; path = AppNowPlayingPage.swift; sourceTree = "<group>"; };
		EC1658932A569952008CEF62 /* HomePage.swift */ = {isa = PBXFileReference; lastKnownFileType = sourcecode.swift; path = HomePage.swift; sourceTree = "<group>"; };
		EC1658952A569B12008CEF62 /* AppDiscoverPage.swift */ = {isa = PBXFileReference; lastKnownFileType = sourcecode.swift; path = AppDiscoverPage.swift; sourceTree = "<group>"; };
		EC1658992A569B41008CEF62 /* AppMyListPage.swift */ = {isa = PBXFileReference; lastKnownFileType = sourcecode.swift; path = AppMyListPage.swift; sourceTree = "<group>"; };
		EC1974F02A592B2500371CC6 /* ReviewsPage.swift */ = {isa = PBXFileReference; lastKnownFileType = sourcecode.swift; path = ReviewsPage.swift; sourceTree = "<group>"; };
		EC34BC3F2A5968DC0099572E /* AppUpComingDetailPage.swift */ = {isa = PBXFileReference; lastKnownFileType = sourcecode.swift; path = AppUpComingDetailPage.swift; sourceTree = "<group>"; };
		EC34BC432A5979F90099572E /* AppTrendingDetailPage.swift */ = {isa = PBXFileReference; lastKnownFileType = sourcecode.swift; path = AppTrendingDetailPage.swift; sourceTree = "<group>"; };
		EC34BC472A597BE70099572E /* AppTopRatePage.swift */ = {isa = PBXFileReference; lastKnownFileType = sourcecode.swift; path = AppTopRatePage.swift; sourceTree = "<group>"; };
		EC34BC4A2A597C490099572E /* AppPopularDetailPage.swift */ = {isa = PBXFileReference; lastKnownFileType = sourcecode.swift; path = AppPopularDetailPage.swift; sourceTree = "<group>"; };
		EC34BC4E2A597DAD0099572E /* AppTopRateDetailPage.swift */ = {isa = PBXFileReference; lastKnownFileType = sourcecode.swift; path = AppTopRateDetailPage.swift; sourceTree = "<group>"; };
		EC34BC512A597F210099572E /* AppGenresDetailPage.swift */ = {isa = PBXFileReference; lastKnownFileType = sourcecode.swift; path = AppGenresDetailPage.swift; sourceTree = "<group>"; };
		EC34BC542A5984610099572E /* AppGenresListPage.swift */ = {isa = PBXFileReference; lastKnownFileType = sourcecode.swift; path = AppGenresListPage.swift; sourceTree = "<group>"; };
		EC34BC572A59AB210099572E /* AppFanClubPage.swift */ = {isa = PBXFileReference; fileEncoding = 4; lastKnownFileType = sourcecode.swift; path = AppFanClubPage.swift; sourceTree = "<group>"; };
		EC34BC5A2A59AB3A0099572E /* AppFanClubDetailPage.swift */ = {isa = PBXFileReference; lastKnownFileType = sourcecode.swift; path = AppFanClubDetailPage.swift; sourceTree = "<group>"; };
		EC34BC5C2A59B5070099572E /* Test.swift */ = {isa = PBXFileReference; lastKnownFileType = sourcecode.swift; path = Test.swift; sourceTree = "<group>"; };
		EC5ADAE92A5955F100FBC43B /* CastPage.swift */ = {isa = PBXFileReference; lastKnownFileType = sourcecode.swift; path = CastPage.swift; sourceTree = "<group>"; };
		EC5ADAED2A59590C00FBC43B /* ReviewsDetailPage.swift */ = {isa = PBXFileReference; lastKnownFileType = sourcecode.swift; path = ReviewsDetailPage.swift; sourceTree = "<group>"; };
		EC5ADAF02A595A6600FBC43B /* CastDetailPage.swift */ = {isa = PBXFileReference; lastKnownFileType = sourcecode.swift; path = CastDetailPage.swift; sourceTree = "<group>"; };
		EC9CD9A32A57CC67007F46F1 /* AppMoviePage.swift */ = {isa = PBXFileReference; lastKnownFileType = sourcecode.swift; path = AppMoviePage.swift; sourceTree = "<group>"; };
		EC9CD9A52A57CEB7007F46F1 /* AppUpComingPage.swift */ = {isa = PBXFileReference; lastKnownFileType = sourcecode.swift; path = AppUpComingPage.swift; sourceTree = "<group>"; };
		EC9CD9A72A57CEC4007F46F1 /* AppPopularPage.swift */ = {isa = PBXFileReference; lastKnownFileType = sourcecode.swift; path = AppPopularPage.swift; sourceTree = "<group>"; };
		EC9CD9AB2A57CEE6007F46F1 /* AppGenresPage.swift */ = {isa = PBXFileReference; lastKnownFileType = sourcecode.swift; path = AppGenresPage.swift; sourceTree = "<group>"; };
		EC9CD9AD2A57CFE1007F46F1 /* AppTrendingPage.swift */ = {isa = PBXFileReference; lastKnownFileType = sourcecode.swift; path = AppTrendingPage.swift; sourceTree = "<group>"; };
		EC9CD9B02A57D500007F46F1 /* AppNowPlayingDetailPage.swift */ = {isa = PBXFileReference; lastKnownFileType = sourcecode.swift; path = AppNowPlayingDetailPage.swift; sourceTree = "<group>"; };
/* End PBXFileReference section */

/* Begin PBXFrameworksBuildPhase section */
		EC16581E2A569268008CEF62 /* Frameworks */ = {
			isa = PBXFrameworksBuildPhase;
			buildActionMask = 2147483647;
			files = (
				EC16584E2A5693C9008CEF62 /* Domain.framework in Frameworks */,
				EC1658712A5693D5008CEF62 /* Platform.framework in Frameworks */,
			);
			runOnlyForDeploymentPostprocessing = 0;
		};
		EC1658362A5693C8008CEF62 /* Frameworks */ = {
			isa = PBXFrameworksBuildPhase;
			buildActionMask = 2147483647;
			files = (
			);
			runOnlyForDeploymentPostprocessing = 0;
		};
		EC16583F2A5693C9008CEF62 /* Frameworks */ = {
			isa = PBXFrameworksBuildPhase;
			buildActionMask = 2147483647;
			files = (
				EC1658432A5693C9008CEF62 /* Domain.framework in Frameworks */,
			);
			runOnlyForDeploymentPostprocessing = 0;
		};
		EC1658592A5693D4008CEF62 /* Frameworks */ = {
			isa = PBXFrameworksBuildPhase;
			buildActionMask = 2147483647;
			files = (
				EC1658852A569489008CEF62 /* Domain.framework in Frameworks */,
			);
			runOnlyForDeploymentPostprocessing = 0;
		};
		EC1658622A5693D5008CEF62 /* Frameworks */ = {
			isa = PBXFrameworksBuildPhase;
			buildActionMask = 2147483647;
			files = (
				EC1658662A5693D5008CEF62 /* Platform.framework in Frameworks */,
			);
			runOnlyForDeploymentPostprocessing = 0;
		};
/* End PBXFrameworksBuildPhase section */

/* Begin PBXGroup section */
		EC1658182A569268008CEF62 = {
			isa = PBXGroup;
			children = (
				EC1658232A569268008CEF62 /* MovieSwiftUI */,
				EC16583A2A5693C8008CEF62 /* Domain */,
				EC1658482A5693C9008CEF62 /* DomainTests */,
				EC16585D2A5693D5008CEF62 /* Platform */,
				EC16586B2A5693D5008CEF62 /* PlatformTests */,
				EC1658222A569268008CEF62 /* Products */,
				EC1658842A569489008CEF62 /* Frameworks */,
			);
			sourceTree = "<group>";
		};
		EC1658222A569268008CEF62 /* Products */ = {
			isa = PBXGroup;
			children = (
				EC1658212A569268008CEF62 /* MovieSwiftUI.app */,
				EC1658392A5693C8008CEF62 /* Domain.framework */,
				EC1658422A5693C9008CEF62 /* DomainTests.xctest */,
				EC16585C2A5693D4008CEF62 /* Platform.framework */,
				EC1658652A5693D5008CEF62 /* PlatformTests.xctest */,
			);
			name = Products;
			sourceTree = "<group>";
		};
		EC1658232A569268008CEF62 /* MovieSwiftUI */ = {
			isa = PBXGroup;
			children = (
				EC16587A2A5693F3008CEF62 /* Feature */,
				EC1658792A5693DA008CEF62 /* Resource */,
				EC16582A2A56926A008CEF62 /* Preview Content */,
			);
			path = MovieSwiftUI;
			sourceTree = "<group>";
		};
		EC16582A2A56926A008CEF62 /* Preview Content */ = {
			isa = PBXGroup;
			children = (
				EC16582B2A56926A008CEF62 /* Preview Assets.xcassets */,
			);
			path = "Preview Content";
			sourceTree = "<group>";
		};
		EC16583A2A5693C8008CEF62 /* Domain */ = {
			isa = PBXGroup;
			children = (
				EC16588A2A5694A6008CEF62 /* Source */,
				EC16583B2A5693C8008CEF62 /* Domain.h */,
				EC16583C2A5693C8008CEF62 /* Domain.docc */,
			);
			path = Domain;
			sourceTree = "<group>";
		};
		EC1658482A5693C9008CEF62 /* DomainTests */ = {
			isa = PBXGroup;
			children = (
				EC1658492A5693C9008CEF62 /* DomainTests.swift */,
			);
			path = DomainTests;
			sourceTree = "<group>";
		};
		EC16585D2A5693D5008CEF62 /* Platform */ = {
			isa = PBXGroup;
			children = (
				EC16588D2A5694D7008CEF62 /* Source */,
				EC16585E2A5693D5008CEF62 /* Platform.h */,
				EC16585F2A5693D5008CEF62 /* Platform.docc */,
			);
			path = Platform;
			sourceTree = "<group>";
		};
		EC16586B2A5693D5008CEF62 /* PlatformTests */ = {
			isa = PBXGroup;
			children = (
				EC16586C2A5693D5008CEF62 /* PlatformTests.swift */,
			);
			path = PlatformTests;
			sourceTree = "<group>";
		};
		EC1658792A5693DA008CEF62 /* Resource */ = {
			isa = PBXGroup;
			children = (
				EC1658282A56926A008CEF62 /* Assets.xcassets */,
			);
			path = Resource;
			sourceTree = "<group>";
		};
		EC16587A2A5693F3008CEF62 /* Feature */ = {
			isa = PBXGroup;
			children = (
				EC16587B2A569400008CEF62 /* Page */,
			);
			path = Feature;
			sourceTree = "<group>";
		};
		EC16587B2A569400008CEF62 /* Page */ = {
			isa = PBXGroup;
			children = (
				EC16587C2A56940A008CEF62 /* AppMoviePage */,
				EC16587E2A56941F008CEF62 /* AppMain.swift */,
				EC1658802A569427008CEF62 /* AppDelegate.swift */,
				EC1658822A569434008CEF62 /* DIContainer.swift */,
			);
			path = Page;
			sourceTree = "<group>";
		};
		EC16587C2A56940A008CEF62 /* AppMoviePage */ = {
			isa = PBXGroup;
			children = (
				EC9CD99E2A57C8F7007F46F1 /* HomePage */,
				EC9CD99F2A57C90A007F46F1 /* AppMoviePage */,
				EC9CD9A02A57C920007F46F1 /* AppDiscoverPage */,
				EC9CD9A12A57C92D007F46F1 /* AppFanClubPage */,
				EC9CD9A22A57C93C007F46F1 /* AppMyListPage */,
			);
			path = AppMoviePage;
			sourceTree = "<group>";
		};
		EC1658842A569489008CEF62 /* Frameworks */ = {
			isa = PBXGroup;
			children = (
			);
			name = Frameworks;
			sourceTree = "<group>";
		};
		EC16588A2A5694A6008CEF62 /* Source */ = {
			isa = PBXGroup;
			children = (
				EC16588C2A5694B1008CEF62 /* Entity */,
				EC16588B2A5694AD008CEF62 /* UseCase */,
			);
			path = Source;
			sourceTree = "<group>";
		};
		EC16588B2A5694AD008CEF62 /* UseCase */ = {
			isa = PBXGroup;
			children = (
			);
			path = UseCase;
			sourceTree = "<group>";
		};
		EC16588C2A5694B1008CEF62 /* Entity */ = {
			isa = PBXGroup;
			children = (
			);
			path = Entity;
			sourceTree = "<group>";
		};
		EC16588D2A5694D7008CEF62 /* Source */ = {
			isa = PBXGroup;
			children = (
				EC16588E2A5694E1008CEF62 /* Network */,
			);
			path = Source;
			sourceTree = "<group>";
		};
		EC16588E2A5694E1008CEF62 /* Network */ = {
			isa = PBXGroup;
			children = (
				EC1658902A5694F0008CEF62 /* UseCase */,
				EC16588F2A5694EB008CEF62 /* Core */,
			);
			path = Network;
			sourceTree = "<group>";
		};
		EC16588F2A5694EB008CEF62 /* Core */ = {
			isa = PBXGroup;
			children = (
			);
			path = Core;
			sourceTree = "<group>";
		};
		EC1658902A5694F0008CEF62 /* UseCase */ = {
			isa = PBXGroup;
			children = (
			);
			path = UseCase;
			sourceTree = "<group>";
		};
		EC1974EF2A592AFF00371CC6 /* AppNowPlayingDetailPage */ = {
			isa = PBXGroup;
			children = (
				EC9CD9B02A57D500007F46F1 /* AppNowPlayingDetailPage.swift */,
			);
			name = AppNowPlayingDetailPage;
			sourceTree = "<group>";
		};
		EC34BC3D2A5968A30099572E /* AppUpComingPage */ = {
			isa = PBXGroup;
			children = (
				EC9CD9A52A57CEB7007F46F1 /* AppUpComingPage.swift */,
				EC34BC3E2A5968BA0099572E /* AppUpComingDetailPage */,
			);
			name = AppUpComingPage;
			sourceTree = "<group>";
		};
		EC34BC3E2A5968BA0099572E /* AppUpComingDetailPage */ = {
			isa = PBXGroup;
			children = (
				EC34BC3F2A5968DC0099572E /* AppUpComingDetailPage.swift */,
			);
			name = AppUpComingDetailPage;
			sourceTree = "<group>";
		};
		EC34BC412A5978EA0099572E /* AppTrendingPage */ = {
			isa = PBXGroup;
			children = (
				EC9CD9AD2A57CFE1007F46F1 /* AppTrendingPage.swift */,
				EC34BC422A5979D70099572E /* AppTrendingDetailPage */,
			);
			name = AppTrendingPage;
			sourceTree = "<group>";
		};
		EC34BC422A5979D70099572E /* AppTrendingDetailPage */ = {
			isa = PBXGroup;
			children = (
				EC34BC432A5979F90099572E /* AppTrendingDetailPage.swift */,
			);
			name = AppTrendingDetailPage;
			sourceTree = "<group>";
		};
		EC34BC452A597BAE0099572E /* AppPopularPage */ = {
			isa = PBXGroup;
			children = (
				EC9CD9A72A57CEC4007F46F1 /* AppPopularPage.swift */,
				EC34BC492A597C330099572E /* AppPopularDetailPage */,
			);
			name = AppPopularPage;
			sourceTree = "<group>";
		};
		EC34BC492A597C330099572E /* AppPopularDetailPage */ = {
			isa = PBXGroup;
			children = (
				EC34BC4A2A597C490099572E /* AppPopularDetailPage.swift */,
			);
			name = AppPopularDetailPage;
			sourceTree = "<group>";
		};
		EC34BC4C2A597D890099572E /* AppTopRatePage */ = {
			isa = PBXGroup;
			children = (
				EC34BC472A597BE70099572E /* AppTopRatePage.swift */,
				EC34BC4D2A597D930099572E /* AppTopRateDetailPage */,
			);
			name = AppTopRatePage;
			sourceTree = "<group>";
		};
		EC34BC4D2A597D930099572E /* AppTopRateDetailPage */ = {
			isa = PBXGroup;
			children = (
				EC34BC4E2A597DAD0099572E /* AppTopRateDetailPage.swift */,
			);
			name = AppTopRateDetailPage;
			sourceTree = "<group>";
		};
		EC34BC502A597EFE0099572E /* AppGenresPage */ = {
			isa = PBXGroup;
			children = (
				EC9CD9AB2A57CEE6007F46F1 /* AppGenresPage.swift */,
				EC34BC542A5984610099572E /* AppGenresListPage.swift */,
				EC34BC532A597F280099572E /* AppGenresDetailPage */,
			);
			name = AppGenresPage;
			sourceTree = "<group>";
		};
		EC34BC532A597F280099572E /* AppGenresDetailPage */ = {
			isa = PBXGroup;
			children = (
				EC34BC512A597F210099572E /* AppGenresDetailPage.swift */,
			);
			name = AppGenresDetailPage;
			sourceTree = "<group>";
		};
		EC34BC592A59AB250099572E /* AppFanClubDetailPage */ = {
			isa = PBXGroup;
			children = (
				EC34BC5A2A59AB3A0099572E /* AppFanClubDetailPage.swift */,
				EC34BC5C2A59B5070099572E /* Test.swift */,
			);
			name = AppFanClubDetailPage;
			sourceTree = "<group>";
		};
		EC5ADAEC2A5958F900FBC43B /* ReviewsPage */ = {
			isa = PBXGroup;
			children = (
				EC1974F02A592B2500371CC6 /* ReviewsPage.swift */,
				EC5ADAED2A59590C00FBC43B /* ReviewsDetailPage.swift */,
			);
			name = ReviewsPage;
			sourceTree = "<group>";
		};
		EC5ADAEF2A595A5A00FBC43B /* CastPage */ = {
			isa = PBXGroup;
			children = (
				EC5ADAE92A5955F100FBC43B /* CastPage.swift */,
				EC5ADAF02A595A6600FBC43B /* CastDetailPage.swift */,
			);
			name = CastPage;
			sourceTree = "<group>";
		};
		EC9CD99E2A57C8F7007F46F1 /* HomePage */ = {
			isa = PBXGroup;
			children = (
				EC1658932A569952008CEF62 /* HomePage.swift */,
			);
			name = HomePage;
			sourceTree = "<group>";
		};
		EC9CD99F2A57C90A007F46F1 /* AppMoviePage */ = {
			isa = PBXGroup;
			children = (
				EC9CD9A32A57CC67007F46F1 /* AppMoviePage.swift */,
				EC9CD9AF2A57D08B007F46F1 /* AppNowPlayingPage */,
				EC34BC3D2A5968A30099572E /* AppUpComingPage */,
				EC34BC412A5978EA0099572E /* AppTrendingPage */,
				EC34BC452A597BAE0099572E /* AppPopularPage */,
				EC34BC4C2A597D890099572E /* AppTopRatePage */,
				EC34BC502A597EFE0099572E /* AppGenresPage */,
			);
			name = AppMoviePage;
			sourceTree = "<group>";
		};
		EC9CD9A02A57C920007F46F1 /* AppDiscoverPage */ = {
			isa = PBXGroup;
			children = (
				EC1658952A569B12008CEF62 /* AppDiscoverPage.swift */,
			);
			name = AppDiscoverPage;
			sourceTree = "<group>";
		};
		EC9CD9A12A57C92D007F46F1 /* AppFanClubPage */ = {
			isa = PBXGroup;
			children = (
				EC34BC572A59AB210099572E /* AppFanClubPage.swift */,
				EC34BC592A59AB250099572E /* AppFanClubDetailPage */,
			);
			name = AppFanClubPage;
			sourceTree = "<group>";
		};
		EC9CD9A22A57C93C007F46F1 /* AppMyListPage */ = {
			isa = PBXGroup;
			children = (
				EC1658992A569B41008CEF62 /* AppMyListPage.swift */,
			);
			name = AppMyListPage;
			sourceTree = "<group>";
		};
		EC9CD9AF2A57D08B007F46F1 /* AppNowPlayingPage */ = {
			isa = PBXGroup;
			children = (
				EC5ADAEF2A595A5A00FBC43B /* CastPage */,
				EC5ADAEC2A5958F900FBC43B /* ReviewsPage */,
				EC1658912A56953B008CEF62 /* AppNowPlayingPage.swift */,
				EC1974EF2A592AFF00371CC6 /* AppNowPlayingDetailPage */,
			);
			name = AppNowPlayingPage;
			sourceTree = "<group>";
		};
/* End PBXGroup section */

/* Begin PBXHeadersBuildPhase section */
		EC1658342A5693C8008CEF62 /* Headers */ = {
			isa = PBXHeadersBuildPhase;
			buildActionMask = 2147483647;
			files = (
				EC16584B2A5693C9008CEF62 /* Domain.h in Headers */,
			);
			runOnlyForDeploymentPostprocessing = 0;
		};
		EC1658572A5693D4008CEF62 /* Headers */ = {
			isa = PBXHeadersBuildPhase;
			buildActionMask = 2147483647;
			files = (
				EC16586E2A5693D5008CEF62 /* Platform.h in Headers */,
			);
			runOnlyForDeploymentPostprocessing = 0;
		};
/* End PBXHeadersBuildPhase section */

/* Begin PBXNativeTarget section */
		EC1658202A569268008CEF62 /* MovieSwiftUI */ = {
			isa = PBXNativeTarget;
			buildConfigurationList = EC16582F2A56926A008CEF62 /* Build configuration list for PBXNativeTarget "MovieSwiftUI" */;
			buildPhases = (
				EC16581D2A569268008CEF62 /* Sources */,
				EC16581E2A569268008CEF62 /* Frameworks */,
				EC16581F2A569268008CEF62 /* Resources */,
				EC1658532A5693C9008CEF62 /* Embed Frameworks */,
			);
			buildRules = (
			);
			dependencies = (
				EC16584D2A5693C9008CEF62 /* PBXTargetDependency */,
				EC1658702A5693D5008CEF62 /* PBXTargetDependency */,
			);
			name = MovieSwiftUI;
			productName = MovieSwiftUI;
			productReference = EC1658212A569268008CEF62 /* MovieSwiftUI.app */;
			productType = "com.apple.product-type.application";
		};
		EC1658382A5693C8008CEF62 /* Domain */ = {
			isa = PBXNativeTarget;
			buildConfigurationList = EC1658502A5693C9008CEF62 /* Build configuration list for PBXNativeTarget "Domain" */;
			buildPhases = (
				EC1658342A5693C8008CEF62 /* Headers */,
				EC1658352A5693C8008CEF62 /* Sources */,
				EC1658362A5693C8008CEF62 /* Frameworks */,
				EC1658372A5693C8008CEF62 /* Resources */,
			);
			buildRules = (
			);
			dependencies = (
			);
			name = Domain;
			productName = Domain;
			productReference = EC1658392A5693C8008CEF62 /* Domain.framework */;
			productType = "com.apple.product-type.framework";
		};
		EC1658412A5693C9008CEF62 /* DomainTests */ = {
			isa = PBXNativeTarget;
			buildConfigurationList = EC1658542A5693C9008CEF62 /* Build configuration list for PBXNativeTarget "DomainTests" */;
			buildPhases = (
				EC16583E2A5693C9008CEF62 /* Sources */,
				EC16583F2A5693C9008CEF62 /* Frameworks */,
				EC1658402A5693C9008CEF62 /* Resources */,
			);
			buildRules = (
			);
			dependencies = (
				EC1658452A5693C9008CEF62 /* PBXTargetDependency */,
				EC1658472A5693C9008CEF62 /* PBXTargetDependency */,
			);
			name = DomainTests;
			productName = DomainTests;
			productReference = EC1658422A5693C9008CEF62 /* DomainTests.xctest */;
			productType = "com.apple.product-type.bundle.unit-test";
		};
		EC16585B2A5693D4008CEF62 /* Platform */ = {
			isa = PBXNativeTarget;
			buildConfigurationList = EC1658732A5693D5008CEF62 /* Build configuration list for PBXNativeTarget "Platform" */;
			buildPhases = (
				EC1658572A5693D4008CEF62 /* Headers */,
				EC1658582A5693D4008CEF62 /* Sources */,
				EC1658592A5693D4008CEF62 /* Frameworks */,
				EC16585A2A5693D4008CEF62 /* Resources */,
				EC1658892A569489008CEF62 /* Embed Frameworks */,
			);
			buildRules = (
			);
			dependencies = (
				EC1658882A569489008CEF62 /* PBXTargetDependency */,
			);
			name = Platform;
			productName = Platform;
			productReference = EC16585C2A5693D4008CEF62 /* Platform.framework */;
			productType = "com.apple.product-type.framework";
		};
		EC1658642A5693D5008CEF62 /* PlatformTests */ = {
			isa = PBXNativeTarget;
			buildConfigurationList = EC1658762A5693D5008CEF62 /* Build configuration list for PBXNativeTarget "PlatformTests" */;
			buildPhases = (
				EC1658612A5693D5008CEF62 /* Sources */,
				EC1658622A5693D5008CEF62 /* Frameworks */,
				EC1658632A5693D5008CEF62 /* Resources */,
			);
			buildRules = (
			);
			dependencies = (
				EC1658682A5693D5008CEF62 /* PBXTargetDependency */,
				EC16586A2A5693D5008CEF62 /* PBXTargetDependency */,
			);
			name = PlatformTests;
			productName = PlatformTests;
			productReference = EC1658652A5693D5008CEF62 /* PlatformTests.xctest */;
			productType = "com.apple.product-type.bundle.unit-test";
		};
/* End PBXNativeTarget section */

/* Begin PBXProject section */
		EC1658192A569268008CEF62 /* Project object */ = {
			isa = PBXProject;
			attributes = {
				BuildIndependentTargetsInParallel = 1;
				LastSwiftUpdateCheck = 1430;
				LastUpgradeCheck = 1430;
				TargetAttributes = {
					EC1658202A569268008CEF62 = {
						CreatedOnToolsVersion = 14.3.1;
						LastSwiftMigration = 1430;
					};
					EC1658382A5693C8008CEF62 = {
						CreatedOnToolsVersion = 14.3.1;
					};
					EC1658412A5693C9008CEF62 = {
						CreatedOnToolsVersion = 14.3.1;
						TestTargetID = EC1658202A569268008CEF62;
					};
					EC16585B2A5693D4008CEF62 = {
						CreatedOnToolsVersion = 14.3.1;
					};
					EC1658642A5693D5008CEF62 = {
						CreatedOnToolsVersion = 14.3.1;
						TestTargetID = EC1658202A569268008CEF62;
					};
				};
			};
			buildConfigurationList = EC16581C2A569268008CEF62 /* Build configuration list for PBXProject "MovieSwiftUI" */;
			compatibilityVersion = "Xcode 14.0";
			developmentRegion = en;
			hasScannedForEncodings = 0;
			knownRegions = (
				en,
				Base,
			);
			mainGroup = EC1658182A569268008CEF62;
			productRefGroup = EC1658222A569268008CEF62 /* Products */;
			projectDirPath = "";
			projectRoot = "";
			targets = (
				EC1658202A569268008CEF62 /* MovieSwiftUI */,
				EC1658382A5693C8008CEF62 /* Domain */,
				EC1658412A5693C9008CEF62 /* DomainTests */,
				EC16585B2A5693D4008CEF62 /* Platform */,
				EC1658642A5693D5008CEF62 /* PlatformTests */,
			);
		};
/* End PBXProject section */

/* Begin PBXResourcesBuildPhase section */
		EC16581F2A569268008CEF62 /* Resources */ = {
			isa = PBXResourcesBuildPhase;
			buildActionMask = 2147483647;
			files = (
				EC16582C2A56926A008CEF62 /* Preview Assets.xcassets in Resources */,
				EC1658292A56926A008CEF62 /* Assets.xcassets in Resources */,
			);
			runOnlyForDeploymentPostprocessing = 0;
		};
		EC1658372A5693C8008CEF62 /* Resources */ = {
			isa = PBXResourcesBuildPhase;
			buildActionMask = 2147483647;
			files = (
			);
			runOnlyForDeploymentPostprocessing = 0;
		};
		EC1658402A5693C9008CEF62 /* Resources */ = {
			isa = PBXResourcesBuildPhase;
			buildActionMask = 2147483647;
			files = (
			);
			runOnlyForDeploymentPostprocessing = 0;
		};
		EC16585A2A5693D4008CEF62 /* Resources */ = {
			isa = PBXResourcesBuildPhase;
			buildActionMask = 2147483647;
			files = (
			);
			runOnlyForDeploymentPostprocessing = 0;
		};
		EC1658632A5693D5008CEF62 /* Resources */ = {
			isa = PBXResourcesBuildPhase;
			buildActionMask = 2147483647;
			files = (
			);
			runOnlyForDeploymentPostprocessing = 0;
		};
/* End PBXResourcesBuildPhase section */

/* Begin PBXSourcesBuildPhase section */
		EC16581D2A569268008CEF62 /* Sources */ = {
			isa = PBXSourcesBuildPhase;
			buildActionMask = 2147483647;
			files = (
				EC34BC442A5979F90099572E /* AppTrendingDetailPage.swift in Sources */,
				EC34BC522A597F210099572E /* AppGenresDetailPage.swift in Sources */,
				EC34BC482A597BE70099572E /* AppTopRatePage.swift in Sources */,
				EC1658942A569952008CEF62 /* HomePage.swift in Sources */,
				EC34BC402A5968DC0099572E /* AppUpComingDetailPage.swift in Sources */,
				EC5ADAF12A595A6600FBC43B /* CastDetailPage.swift in Sources */,
				EC34BC4B2A597C490099572E /* AppPopularDetailPage.swift in Sources */,
				EC34BC5B2A59AB3A0099572E /* AppFanClubDetailPage.swift in Sources */,
				EC1658962A569B12008CEF62 /* AppDiscoverPage.swift in Sources */,
				EC5ADAEA2A5955F100FBC43B /* CastPage.swift in Sources */,
				EC9CD9A82A57CEC4007F46F1 /* AppPopularPage.swift in Sources */,
				EC1658812A569427008CEF62 /* AppDelegate.swift in Sources */,
				EC1658832A569434008CEF62 /* DIContainer.swift in Sources */,
				EC34BC4F2A597DAD0099572E /* AppTopRateDetailPage.swift in Sources */,
				EC9CD9AE2A57CFE1007F46F1 /* AppTrendingPage.swift in Sources */,
				EC1974F12A592B2500371CC6 /* ReviewsPage.swift in Sources */,
				EC9CD9B12A57D500007F46F1 /* AppNowPlayingDetailPage.swift in Sources */,
				EC34BC582A59AB210099572E /* AppFanClubPage.swift in Sources */,
				EC5ADAEE2A59590C00FBC43B /* ReviewsDetailPage.swift in Sources */,
				EC16587F2A56941F008CEF62 /* AppMain.swift in Sources */,
				EC34BC5D2A59B5070099572E /* Test.swift in Sources */,
				EC9CD9A42A57CC67007F46F1 /* AppMoviePage.swift in Sources */,
				EC34BC552A5984610099572E /* AppGenresListPage.swift in Sources */,
				EC9CD9AC2A57CEE6007F46F1 /* AppGenresPage.swift in Sources */,
				EC1658922A56953B008CEF62 /* AppNowPlayingPage.swift in Sources */,
				EC16589A2A569B41008CEF62 /* AppMyListPage.swift in Sources */,
				EC9CD9A62A57CEB7007F46F1 /* AppUpComingPage.swift in Sources */,
			);
			runOnlyForDeploymentPostprocessing = 0;
		};
		EC1658352A5693C8008CEF62 /* Sources */ = {
			isa = PBXSourcesBuildPhase;
			buildActionMask = 2147483647;
			files = (
				EC16583D2A5693C8008CEF62 /* Domain.docc in Sources */,
			);
			runOnlyForDeploymentPostprocessing = 0;
		};
		EC16583E2A5693C9008CEF62 /* Sources */ = {
			isa = PBXSourcesBuildPhase;
			buildActionMask = 2147483647;
			files = (
				EC16584A2A5693C9008CEF62 /* DomainTests.swift in Sources */,
			);
			runOnlyForDeploymentPostprocessing = 0;
		};
		EC1658582A5693D4008CEF62 /* Sources */ = {
			isa = PBXSourcesBuildPhase;
			buildActionMask = 2147483647;
			files = (
				EC1658602A5693D5008CEF62 /* Platform.docc in Sources */,
			);
			runOnlyForDeploymentPostprocessing = 0;
		};
		EC1658612A5693D5008CEF62 /* Sources */ = {
			isa = PBXSourcesBuildPhase;
			buildActionMask = 2147483647;
			files = (
				EC16586D2A5693D5008CEF62 /* PlatformTests.swift in Sources */,
			);
			runOnlyForDeploymentPostprocessing = 0;
		};
/* End PBXSourcesBuildPhase section */

/* Begin PBXTargetDependency section */
		EC1658452A5693C9008CEF62 /* PBXTargetDependency */ = {
			isa = PBXTargetDependency;
			target = EC1658382A5693C8008CEF62 /* Domain */;
			targetProxy = EC1658442A5693C9008CEF62 /* PBXContainerItemProxy */;
		};
		EC1658472A5693C9008CEF62 /* PBXTargetDependency */ = {
			isa = PBXTargetDependency;
			target = EC1658202A569268008CEF62 /* MovieSwiftUI */;
			targetProxy = EC1658462A5693C9008CEF62 /* PBXContainerItemProxy */;
		};
		EC16584D2A5693C9008CEF62 /* PBXTargetDependency */ = {
			isa = PBXTargetDependency;
			target = EC1658382A5693C8008CEF62 /* Domain */;
			targetProxy = EC16584C2A5693C9008CEF62 /* PBXContainerItemProxy */;
		};
		EC1658682A5693D5008CEF62 /* PBXTargetDependency */ = {
			isa = PBXTargetDependency;
			target = EC16585B2A5693D4008CEF62 /* Platform */;
			targetProxy = EC1658672A5693D5008CEF62 /* PBXContainerItemProxy */;
		};
		EC16586A2A5693D5008CEF62 /* PBXTargetDependency */ = {
			isa = PBXTargetDependency;
			target = EC1658202A569268008CEF62 /* MovieSwiftUI */;
			targetProxy = EC1658692A5693D5008CEF62 /* PBXContainerItemProxy */;
		};
		EC1658702A5693D5008CEF62 /* PBXTargetDependency */ = {
			isa = PBXTargetDependency;
			target = EC16585B2A5693D4008CEF62 /* Platform */;
			targetProxy = EC16586F2A5693D5008CEF62 /* PBXContainerItemProxy */;
		};
		EC1658882A569489008CEF62 /* PBXTargetDependency */ = {
			isa = PBXTargetDependency;
			target = EC1658382A5693C8008CEF62 /* Domain */;
			targetProxy = EC1658872A569489008CEF62 /* PBXContainerItemProxy */;
		};
/* End PBXTargetDependency section */

/* Begin XCBuildConfiguration section */
		EC16582D2A56926A008CEF62 /* Debug */ = {
			isa = XCBuildConfiguration;
			buildSettings = {
				ALWAYS_SEARCH_USER_PATHS = NO;
				CLANG_ANALYZER_NONNULL = YES;
				CLANG_ANALYZER_NUMBER_OBJECT_CONVERSION = YES_AGGRESSIVE;
				CLANG_CXX_LANGUAGE_STANDARD = "gnu++20";
				CLANG_ENABLE_MODULES = YES;
				CLANG_ENABLE_OBJC_ARC = YES;
				CLANG_ENABLE_OBJC_WEAK = YES;
				CLANG_WARN_BLOCK_CAPTURE_AUTORELEASING = YES;
				CLANG_WARN_BOOL_CONVERSION = YES;
				CLANG_WARN_COMMA = YES;
				CLANG_WARN_CONSTANT_CONVERSION = YES;
				CLANG_WARN_DEPRECATED_OBJC_IMPLEMENTATIONS = YES;
				CLANG_WARN_DIRECT_OBJC_ISA_USAGE = YES_ERROR;
				CLANG_WARN_DOCUMENTATION_COMMENTS = YES;
				CLANG_WARN_EMPTY_BODY = YES;
				CLANG_WARN_ENUM_CONVERSION = YES;
				CLANG_WARN_INFINITE_RECURSION = YES;
				CLANG_WARN_INT_CONVERSION = YES;
				CLANG_WARN_NON_LITERAL_NULL_CONVERSION = YES;
				CLANG_WARN_OBJC_IMPLICIT_RETAIN_SELF = YES;
				CLANG_WARN_OBJC_LITERAL_CONVERSION = YES;
				CLANG_WARN_OBJC_ROOT_CLASS = YES_ERROR;
				CLANG_WARN_QUOTED_INCLUDE_IN_FRAMEWORK_HEADER = YES;
				CLANG_WARN_RANGE_LOOP_ANALYSIS = YES;
				CLANG_WARN_STRICT_PROTOTYPES = YES;
				CLANG_WARN_SUSPICIOUS_MOVE = YES;
				CLANG_WARN_UNGUARDED_AVAILABILITY = YES_AGGRESSIVE;
				CLANG_WARN_UNREACHABLE_CODE = YES;
				CLANG_WARN__DUPLICATE_METHOD_MATCH = YES;
				COPY_PHASE_STRIP = NO;
				DEBUG_INFORMATION_FORMAT = dwarf;
				ENABLE_STRICT_OBJC_MSGSEND = YES;
				ENABLE_TESTABILITY = YES;
				GCC_C_LANGUAGE_STANDARD = gnu11;
				GCC_DYNAMIC_NO_PIC = NO;
				GCC_NO_COMMON_BLOCKS = YES;
				GCC_OPTIMIZATION_LEVEL = 0;
				GCC_PREPROCESSOR_DEFINITIONS = (
					"DEBUG=1",
					"$(inherited)",
				);
				GCC_WARN_64_TO_32_BIT_CONVERSION = YES;
				GCC_WARN_ABOUT_RETURN_TYPE = YES_ERROR;
				GCC_WARN_UNDECLARED_SELECTOR = YES;
				GCC_WARN_UNINITIALIZED_AUTOS = YES_AGGRESSIVE;
				GCC_WARN_UNUSED_FUNCTION = YES;
				GCC_WARN_UNUSED_VARIABLE = YES;
				IPHONEOS_DEPLOYMENT_TARGET = 16.4;
				MTL_ENABLE_DEBUG_INFO = INCLUDE_SOURCE;
				MTL_FAST_MATH = YES;
				ONLY_ACTIVE_ARCH = YES;
				SDKROOT = iphoneos;
				SWIFT_ACTIVE_COMPILATION_CONDITIONS = DEBUG;
				SWIFT_OPTIMIZATION_LEVEL = "-Onone";
			};
			name = Debug;
		};
		EC16582E2A56926A008CEF62 /* Release */ = {
			isa = XCBuildConfiguration;
			buildSettings = {
				ALWAYS_SEARCH_USER_PATHS = NO;
				CLANG_ANALYZER_NONNULL = YES;
				CLANG_ANALYZER_NUMBER_OBJECT_CONVERSION = YES_AGGRESSIVE;
				CLANG_CXX_LANGUAGE_STANDARD = "gnu++20";
				CLANG_ENABLE_MODULES = YES;
				CLANG_ENABLE_OBJC_ARC = YES;
				CLANG_ENABLE_OBJC_WEAK = YES;
				CLANG_WARN_BLOCK_CAPTURE_AUTORELEASING = YES;
				CLANG_WARN_BOOL_CONVERSION = YES;
				CLANG_WARN_COMMA = YES;
				CLANG_WARN_CONSTANT_CONVERSION = YES;
				CLANG_WARN_DEPRECATED_OBJC_IMPLEMENTATIONS = YES;
				CLANG_WARN_DIRECT_OBJC_ISA_USAGE = YES_ERROR;
				CLANG_WARN_DOCUMENTATION_COMMENTS = YES;
				CLANG_WARN_EMPTY_BODY = YES;
				CLANG_WARN_ENUM_CONVERSION = YES;
				CLANG_WARN_INFINITE_RECURSION = YES;
				CLANG_WARN_INT_CONVERSION = YES;
				CLANG_WARN_NON_LITERAL_NULL_CONVERSION = YES;
				CLANG_WARN_OBJC_IMPLICIT_RETAIN_SELF = YES;
				CLANG_WARN_OBJC_LITERAL_CONVERSION = YES;
				CLANG_WARN_OBJC_ROOT_CLASS = YES_ERROR;
				CLANG_WARN_QUOTED_INCLUDE_IN_FRAMEWORK_HEADER = YES;
				CLANG_WARN_RANGE_LOOP_ANALYSIS = YES;
				CLANG_WARN_STRICT_PROTOTYPES = YES;
				CLANG_WARN_SUSPICIOUS_MOVE = YES;
				CLANG_WARN_UNGUARDED_AVAILABILITY = YES_AGGRESSIVE;
				CLANG_WARN_UNREACHABLE_CODE = YES;
				CLANG_WARN__DUPLICATE_METHOD_MATCH = YES;
				COPY_PHASE_STRIP = NO;
				DEBUG_INFORMATION_FORMAT = "dwarf-with-dsym";
				ENABLE_NS_ASSERTIONS = NO;
				ENABLE_STRICT_OBJC_MSGSEND = YES;
				GCC_C_LANGUAGE_STANDARD = gnu11;
				GCC_NO_COMMON_BLOCKS = YES;
				GCC_WARN_64_TO_32_BIT_CONVERSION = YES;
				GCC_WARN_ABOUT_RETURN_TYPE = YES_ERROR;
				GCC_WARN_UNDECLARED_SELECTOR = YES;
				GCC_WARN_UNINITIALIZED_AUTOS = YES_AGGRESSIVE;
				GCC_WARN_UNUSED_FUNCTION = YES;
				GCC_WARN_UNUSED_VARIABLE = YES;
				IPHONEOS_DEPLOYMENT_TARGET = 16.4;
				MTL_ENABLE_DEBUG_INFO = NO;
				MTL_FAST_MATH = YES;
				SDKROOT = iphoneos;
				SWIFT_COMPILATION_MODE = wholemodule;
				SWIFT_OPTIMIZATION_LEVEL = "-O";
				VALIDATE_PRODUCT = YES;
			};
			name = Release;
		};
		EC1658302A56926A008CEF62 /* Debug */ = {
			isa = XCBuildConfiguration;
			buildSettings = {
				ASSETCATALOG_COMPILER_APPICON_NAME = AppIcon;
				ASSETCATALOG_COMPILER_GLOBAL_ACCENT_COLOR_NAME = AccentColor;
				CLANG_ENABLE_MODULES = YES;
				CODE_SIGN_STYLE = Automatic;
				CURRENT_PROJECT_VERSION = 1;
				DEVELOPMENT_ASSET_PATHS = "\"MovieSwiftUI/Preview Content\"";
				DEVELOPMENT_TEAM = D22ZM93S77;
				ENABLE_PREVIEWS = YES;
				GENERATE_INFOPLIST_FILE = YES;
				INFOPLIST_KEY_UIApplicationSceneManifest_Generation = YES;
				INFOPLIST_KEY_UIApplicationSupportsIndirectInputEvents = YES;
				INFOPLIST_KEY_UILaunchScreen_Generation = YES;
				INFOPLIST_KEY_UISupportedInterfaceOrientations_iPad = "UIInterfaceOrientationPortrait UIInterfaceOrientationPortraitUpsideDown UIInterfaceOrientationLandscapeLeft UIInterfaceOrientationLandscapeRight";
				INFOPLIST_KEY_UISupportedInterfaceOrientations_iPhone = "UIInterfaceOrientationPortrait UIInterfaceOrientationLandscapeLeft UIInterfaceOrientationLandscapeRight";
				LD_RUNPATH_SEARCH_PATHS = (
					"$(inherited)",
					"@executable_path/Frameworks",
				);
				MARKETING_VERSION = 1.0;
				PRODUCT_BUNDLE_IDENTIFIER = com.seungchan.MovieSwiftUI;
				PRODUCT_NAME = "$(TARGET_NAME)";
				SWIFT_EMIT_LOC_STRINGS = YES;
				SWIFT_OPTIMIZATION_LEVEL = "-Onone";
				SWIFT_VERSION = 5.0;
				TARGETED_DEVICE_FAMILY = "1,2";
			};
			name = Debug;
		};
		EC1658312A56926A008CEF62 /* Release */ = {
			isa = XCBuildConfiguration;
			buildSettings = {
				ASSETCATALOG_COMPILER_APPICON_NAME = AppIcon;
				ASSETCATALOG_COMPILER_GLOBAL_ACCENT_COLOR_NAME = AccentColor;
				CLANG_ENABLE_MODULES = YES;
				CODE_SIGN_STYLE = Automatic;
				CURRENT_PROJECT_VERSION = 1;
				DEVELOPMENT_ASSET_PATHS = "\"MovieSwiftUI/Preview Content\"";
				DEVELOPMENT_TEAM = D22ZM93S77;
				ENABLE_PREVIEWS = YES;
				GENERATE_INFOPLIST_FILE = YES;
				INFOPLIST_KEY_UIApplicationSceneManifest_Generation = YES;
				INFOPLIST_KEY_UIApplicationSupportsIndirectInputEvents = YES;
				INFOPLIST_KEY_UILaunchScreen_Generation = YES;
				INFOPLIST_KEY_UISupportedInterfaceOrientations_iPad = "UIInterfaceOrientationPortrait UIInterfaceOrientationPortraitUpsideDown UIInterfaceOrientationLandscapeLeft UIInterfaceOrientationLandscapeRight";
				INFOPLIST_KEY_UISupportedInterfaceOrientations_iPhone = "UIInterfaceOrientationPortrait UIInterfaceOrientationLandscapeLeft UIInterfaceOrientationLandscapeRight";
				LD_RUNPATH_SEARCH_PATHS = (
					"$(inherited)",
					"@executable_path/Frameworks",
				);
				MARKETING_VERSION = 1.0;
				PRODUCT_BUNDLE_IDENTIFIER = com.seungchan.MovieSwiftUI;
				PRODUCT_NAME = "$(TARGET_NAME)";
				SWIFT_EMIT_LOC_STRINGS = YES;
				SWIFT_VERSION = 5.0;
				TARGETED_DEVICE_FAMILY = "1,2";
			};
			name = Release;
		};
		EC1658512A5693C9008CEF62 /* Debug */ = {
			isa = XCBuildConfiguration;
			buildSettings = {
				CODE_SIGN_STYLE = Automatic;
				CURRENT_PROJECT_VERSION = 1;
				DEFINES_MODULE = YES;
				DEVELOPMENT_TEAM = D22ZM93S77;
				DYLIB_COMPATIBILITY_VERSION = 1;
				DYLIB_CURRENT_VERSION = 1;
				DYLIB_INSTALL_NAME_BASE = "@rpath";
				ENABLE_MODULE_VERIFIER = YES;
				GENERATE_INFOPLIST_FILE = YES;
				INFOPLIST_KEY_NSHumanReadableCopyright = "";
				INSTALL_PATH = "$(LOCAL_LIBRARY_DIR)/Frameworks";
				LD_RUNPATH_SEARCH_PATHS = (
					"$(inherited)",
					"@executable_path/Frameworks",
					"@loader_path/Frameworks",
				);
				MARKETING_VERSION = 1.0;
				MODULE_VERIFIER_SUPPORTED_LANGUAGES = "objective-c objective-c++";
				MODULE_VERIFIER_SUPPORTED_LANGUAGE_STANDARDS = "gnu11 gnu++20";
				PRODUCT_BUNDLE_IDENTIFIER = com.seungchan.Domain;
				PRODUCT_NAME = "$(TARGET_NAME:c99extidentifier)";
				SKIP_INSTALL = YES;
				SWIFT_EMIT_LOC_STRINGS = YES;
				SWIFT_VERSION = 5.0;
				TARGETED_DEVICE_FAMILY = "1,2";
				VERSIONING_SYSTEM = "apple-generic";
				VERSION_INFO_PREFIX = "";
			};
			name = Debug;
		};
		EC1658522A5693C9008CEF62 /* Release */ = {
			isa = XCBuildConfiguration;
			buildSettings = {
				CODE_SIGN_STYLE = Automatic;
				CURRENT_PROJECT_VERSION = 1;
				DEFINES_MODULE = YES;
				DEVELOPMENT_TEAM = D22ZM93S77;
				DYLIB_COMPATIBILITY_VERSION = 1;
				DYLIB_CURRENT_VERSION = 1;
				DYLIB_INSTALL_NAME_BASE = "@rpath";
				ENABLE_MODULE_VERIFIER = YES;
				GENERATE_INFOPLIST_FILE = YES;
				INFOPLIST_KEY_NSHumanReadableCopyright = "";
				INSTALL_PATH = "$(LOCAL_LIBRARY_DIR)/Frameworks";
				LD_RUNPATH_SEARCH_PATHS = (
					"$(inherited)",
					"@executable_path/Frameworks",
					"@loader_path/Frameworks",
				);
				MARKETING_VERSION = 1.0;
				MODULE_VERIFIER_SUPPORTED_LANGUAGES = "objective-c objective-c++";
				MODULE_VERIFIER_SUPPORTED_LANGUAGE_STANDARDS = "gnu11 gnu++20";
				PRODUCT_BUNDLE_IDENTIFIER = com.seungchan.Domain;
				PRODUCT_NAME = "$(TARGET_NAME:c99extidentifier)";
				SKIP_INSTALL = YES;
				SWIFT_EMIT_LOC_STRINGS = YES;
				SWIFT_VERSION = 5.0;
				TARGETED_DEVICE_FAMILY = "1,2";
				VERSIONING_SYSTEM = "apple-generic";
				VERSION_INFO_PREFIX = "";
			};
			name = Release;
		};
		EC1658552A5693C9008CEF62 /* Debug */ = {
			isa = XCBuildConfiguration;
			buildSettings = {
				ALWAYS_EMBED_SWIFT_STANDARD_LIBRARIES = YES;
				CODE_SIGN_STYLE = Automatic;
				CURRENT_PROJECT_VERSION = 1;
				DEVELOPMENT_TEAM = D22ZM93S77;
				GENERATE_INFOPLIST_FILE = YES;
				MARKETING_VERSION = 1.0;
				PRODUCT_BUNDLE_IDENTIFIER = com.seungchan.DomainTests;
				PRODUCT_NAME = "$(TARGET_NAME)";
				SWIFT_EMIT_LOC_STRINGS = NO;
				SWIFT_VERSION = 5.0;
				TARGETED_DEVICE_FAMILY = "1,2";
				TEST_HOST = "$(BUILT_PRODUCTS_DIR)/MovieSwiftUI.app/$(BUNDLE_EXECUTABLE_FOLDER_PATH)/MovieSwiftUI";
			};
			name = Debug;
		};
		EC1658562A5693C9008CEF62 /* Release */ = {
			isa = XCBuildConfiguration;
			buildSettings = {
				ALWAYS_EMBED_SWIFT_STANDARD_LIBRARIES = YES;
				CODE_SIGN_STYLE = Automatic;
				CURRENT_PROJECT_VERSION = 1;
				DEVELOPMENT_TEAM = D22ZM93S77;
				GENERATE_INFOPLIST_FILE = YES;
				MARKETING_VERSION = 1.0;
				PRODUCT_BUNDLE_IDENTIFIER = com.seungchan.DomainTests;
				PRODUCT_NAME = "$(TARGET_NAME)";
				SWIFT_EMIT_LOC_STRINGS = NO;
				SWIFT_VERSION = 5.0;
				TARGETED_DEVICE_FAMILY = "1,2";
				TEST_HOST = "$(BUILT_PRODUCTS_DIR)/MovieSwiftUI.app/$(BUNDLE_EXECUTABLE_FOLDER_PATH)/MovieSwiftUI";
			};
			name = Release;
		};
		EC1658742A5693D5008CEF62 /* Debug */ = {
			isa = XCBuildConfiguration;
			buildSettings = {
				CODE_SIGN_STYLE = Automatic;
				CURRENT_PROJECT_VERSION = 1;
				DEFINES_MODULE = YES;
				DEVELOPMENT_TEAM = D22ZM93S77;
				DYLIB_COMPATIBILITY_VERSION = 1;
				DYLIB_CURRENT_VERSION = 1;
				DYLIB_INSTALL_NAME_BASE = "@rpath";
				ENABLE_MODULE_VERIFIER = YES;
				GENERATE_INFOPLIST_FILE = YES;
				INFOPLIST_KEY_NSHumanReadableCopyright = "";
				INSTALL_PATH = "$(LOCAL_LIBRARY_DIR)/Frameworks";
				LD_RUNPATH_SEARCH_PATHS = (
					"$(inherited)",
					"@executable_path/Frameworks",
					"@loader_path/Frameworks",
				);
				MARKETING_VERSION = 1.0;
				MODULE_VERIFIER_SUPPORTED_LANGUAGES = "objective-c objective-c++";
				MODULE_VERIFIER_SUPPORTED_LANGUAGE_STANDARDS = "gnu11 gnu++20";
				PRODUCT_BUNDLE_IDENTIFIER = com.seungchan.Platform;
				PRODUCT_NAME = "$(TARGET_NAME:c99extidentifier)";
				SKIP_INSTALL = YES;
				SWIFT_EMIT_LOC_STRINGS = YES;
				SWIFT_VERSION = 5.0;
				TARGETED_DEVICE_FAMILY = "1,2";
				VERSIONING_SYSTEM = "apple-generic";
				VERSION_INFO_PREFIX = "";
			};
			name = Debug;
		};
		EC1658752A5693D5008CEF62 /* Release */ = {
			isa = XCBuildConfiguration;
			buildSettings = {
				CODE_SIGN_STYLE = Automatic;
				CURRENT_PROJECT_VERSION = 1;
				DEFINES_MODULE = YES;
				DEVELOPMENT_TEAM = D22ZM93S77;
				DYLIB_COMPATIBILITY_VERSION = 1;
				DYLIB_CURRENT_VERSION = 1;
				DYLIB_INSTALL_NAME_BASE = "@rpath";
				ENABLE_MODULE_VERIFIER = YES;
				GENERATE_INFOPLIST_FILE = YES;
				INFOPLIST_KEY_NSHumanReadableCopyright = "";
				INSTALL_PATH = "$(LOCAL_LIBRARY_DIR)/Frameworks";
				LD_RUNPATH_SEARCH_PATHS = (
					"$(inherited)",
					"@executable_path/Frameworks",
					"@loader_path/Frameworks",
				);
				MARKETING_VERSION = 1.0;
				MODULE_VERIFIER_SUPPORTED_LANGUAGES = "objective-c objective-c++";
				MODULE_VERIFIER_SUPPORTED_LANGUAGE_STANDARDS = "gnu11 gnu++20";
				PRODUCT_BUNDLE_IDENTIFIER = com.seungchan.Platform;
				PRODUCT_NAME = "$(TARGET_NAME:c99extidentifier)";
				SKIP_INSTALL = YES;
				SWIFT_EMIT_LOC_STRINGS = YES;
				SWIFT_VERSION = 5.0;
				TARGETED_DEVICE_FAMILY = "1,2";
				VERSIONING_SYSTEM = "apple-generic";
				VERSION_INFO_PREFIX = "";
			};
			name = Release;
		};
		EC1658772A5693D5008CEF62 /* Debug */ = {
			isa = XCBuildConfiguration;
			buildSettings = {
				ALWAYS_EMBED_SWIFT_STANDARD_LIBRARIES = YES;
				CODE_SIGN_STYLE = Automatic;
				CURRENT_PROJECT_VERSION = 1;
				DEVELOPMENT_TEAM = D22ZM93S77;
				GENERATE_INFOPLIST_FILE = YES;
				MARKETING_VERSION = 1.0;
				PRODUCT_BUNDLE_IDENTIFIER = com.seungchan.PlatformTests;
				PRODUCT_NAME = "$(TARGET_NAME)";
				SWIFT_EMIT_LOC_STRINGS = NO;
				SWIFT_VERSION = 5.0;
				TARGETED_DEVICE_FAMILY = "1,2";
				TEST_HOST = "$(BUILT_PRODUCTS_DIR)/MovieSwiftUI.app/$(BUNDLE_EXECUTABLE_FOLDER_PATH)/MovieSwiftUI";
			};
			name = Debug;
		};
		EC1658782A5693D5008CEF62 /* Release */ = {
			isa = XCBuildConfiguration;
			buildSettings = {
				ALWAYS_EMBED_SWIFT_STANDARD_LIBRARIES = YES;
				CODE_SIGN_STYLE = Automatic;
				CURRENT_PROJECT_VERSION = 1;
				DEVELOPMENT_TEAM = D22ZM93S77;
				GENERATE_INFOPLIST_FILE = YES;
				MARKETING_VERSION = 1.0;
				PRODUCT_BUNDLE_IDENTIFIER = com.seungchan.PlatformTests;
				PRODUCT_NAME = "$(TARGET_NAME)";
				SWIFT_EMIT_LOC_STRINGS = NO;
				SWIFT_VERSION = 5.0;
				TARGETED_DEVICE_FAMILY = "1,2";
				TEST_HOST = "$(BUILT_PRODUCTS_DIR)/MovieSwiftUI.app/$(BUNDLE_EXECUTABLE_FOLDER_PATH)/MovieSwiftUI";
			};
			name = Release;
		};
/* End XCBuildConfiguration section */

/* Begin XCConfigurationList section */
		EC16581C2A569268008CEF62 /* Build configuration list for PBXProject "MovieSwiftUI" */ = {
			isa = XCConfigurationList;
			buildConfigurations = (
				EC16582D2A56926A008CEF62 /* Debug */,
				EC16582E2A56926A008CEF62 /* Release */,
			);
			defaultConfigurationIsVisible = 0;
			defaultConfigurationName = Release;
		};
		EC16582F2A56926A008CEF62 /* Build configuration list for PBXNativeTarget "MovieSwiftUI" */ = {
			isa = XCConfigurationList;
			buildConfigurations = (
				EC1658302A56926A008CEF62 /* Debug */,
				EC1658312A56926A008CEF62 /* Release */,
			);
			defaultConfigurationIsVisible = 0;
			defaultConfigurationName = Release;
		};
		EC1658502A5693C9008CEF62 /* Build configuration list for PBXNativeTarget "Domain" */ = {
			isa = XCConfigurationList;
			buildConfigurations = (
				EC1658512A5693C9008CEF62 /* Debug */,
				EC1658522A5693C9008CEF62 /* Release */,
			);
			defaultConfigurationIsVisible = 0;
			defaultConfigurationName = Release;
		};
		EC1658542A5693C9008CEF62 /* Build configuration list for PBXNativeTarget "DomainTests" */ = {
			isa = XCConfigurationList;
			buildConfigurations = (
				EC1658552A5693C9008CEF62 /* Debug */,
				EC1658562A5693C9008CEF62 /* Release */,
			);
			defaultConfigurationIsVisible = 0;
			defaultConfigurationName = Release;
		};
		EC1658732A5693D5008CEF62 /* Build configuration list for PBXNativeTarget "Platform" */ = {
			isa = XCConfigurationList;
			buildConfigurations = (
				EC1658742A5693D5008CEF62 /* Debug */,
				EC1658752A5693D5008CEF62 /* Release */,
			);
			defaultConfigurationIsVisible = 0;
			defaultConfigurationName = Release;
		};
		EC1658762A5693D5008CEF62 /* Build configuration list for PBXNativeTarget "PlatformTests" */ = {
			isa = XCConfigurationList;
			buildConfigurations = (
				EC1658772A5693D5008CEF62 /* Debug */,
				EC1658782A5693D5008CEF62 /* Release */,
			);
			defaultConfigurationIsVisible = 0;
			defaultConfigurationName = Release;
		};
/* End XCConfigurationList section */
	};
	rootObject = EC1658192A569268008CEF62 /* Project object */;
}
